
Microsoft Visual Studio Solution File, Format Version 12.00
# Visual Studio Version 17
VisualStudioVersion = 17.0.31903.59
MinimumVisualStudioVersion = 10.0.40219.1
Project("{2150E333-8FDC-42A3-9474-1A3956D46DE8}") = "Solution Items", "Solution Items", "{0B654971-8405-42C0-9AC6-18793FC01F20}"
	ProjectSection(SolutionItems) = preProject
		LICENSE = LICENSE
		README.md = README.md
	EndProjectSection
EndProject
Project("{9A19103F-16F7-4668-BE54-9A1E7A4F7556}") = "MichelMichels.Web", "src\MichelMichels.Web\MichelMichels.Web.csproj", "{C44932BA-BB8C-4300-B4AC-0D667D87F3F8}"
EndProject
Global
	GlobalSection(SolutionConfigurationPlatforms) = preSolution
		Debug|Any CPU = Debug|Any CPU
		Release|Any CPU = Release|Any CPU
	EndGlobalSection
	GlobalSection(ProjectConfigurationPlatforms) = postSolution
		{C44932BA-BB8C-4300-B4AC-0D667D87F3F8}.Debug|Any CPU.ActiveCfg = Debug|Any CPU
		{C44932BA-BB8C-4300-B4AC-0D667D87F3F8}.Debug|Any CPU.Build.0 = Debug|Any CPU
		{C44932BA-BB8C-4300-B4AC-0D667D87F3F8}.Release|Any CPU.ActiveCfg = Release|Any CPU
		{C44932BA-BB8C-4300-B4AC-0D667D87F3F8}.Release|Any CPU.Build.0 = Release|Any CPU
	EndGlobalSection
	GlobalSection(SolutionProperties) = preSolution
		HideSolutionNode = FALSE
	EndGlobalSection
	GlobalSection(ExtensibilityGlobals) = postSolution
		SolutionGuid = {634BCE1C-5038-4696-8D0C-667A3A612542}
	EndGlobalSection
EndGlobal
