
Microsoft Visual Studio Solution File, Format Version 12.00
# Visual Studio Version 17
VisualStudioVersion = 17.0.31903.59
MinimumVisualStudioVersion = 10.0.40219.1
Project("{9A19103F-16F7-4668-BE54-9A1E7A4F7556}") = "MichelMichels.Web", "src\MichelMichels.Web\MichelMichels.Web.csproj", "{A2E9A267-43A4-45E4-A16B-6D5A4005DFD6}"
EndProject
Project("{FAE04EC0-301F-11D3-BF4B-00C04F79EFBC}") = "MichelMichels.Web.API", "src\MichelMichels.Web.API\MichelMichels.Web.API.csproj", "{A6FCDBD1-3AB8-42C4-ADF5-2AF29E842275}"
EndProject
Global
	GlobalSection(SolutionConfigurationPlatforms) = preSolution
		Debug|Any CPU = Debug|Any CPU
		Release|Any CPU = Release|Any CPU
	EndGlobalSection
	GlobalSection(ProjectConfigurationPlatforms) = postSolution
		{A2E9A267-43A4-45E4-A16B-6D5A4005DFD6}.Debug|Any CPU.ActiveCfg = Debug|Any CPU
		{A2E9A267-43A4-45E4-A16B-6D5A4005DFD6}.Debug|Any CPU.Build.0 = Debug|Any CPU
		{A2E9A267-43A4-45E4-A16B-6D5A4005DFD6}.Release|Any CPU.ActiveCfg = Release|Any CPU
		{A2E9A267-43A4-45E4-A16B-6D5A4005DFD6}.Release|Any CPU.Build.0 = Release|Any CPU
		{A6FCDBD1-3AB8-42C4-ADF5-2AF29E842275}.Debug|Any CPU.ActiveCfg = Debug|Any CPU
		{A6FCDBD1-3AB8-42C4-ADF5-2AF29E842275}.Debug|Any CPU.Build.0 = Debug|Any CPU
		{A6FCDBD1-3AB8-42C4-ADF5-2AF29E842275}.Release|Any CPU.ActiveCfg = Release|Any CPU
		{A6FCDBD1-3AB8-42C4-ADF5-2AF29E842275}.Release|Any CPU.Build.0 = Release|Any CPU
	EndGlobalSection
	GlobalSection(SolutionProperties) = preSolution
		HideSolutionNode = FALSE
	EndGlobalSection
EndGlobal
